// !$*UTF8*$!
{
	archiveVersion = 1;
	classes = {
	};
	objectVersion = 56;
	objects = {

/* Begin PBXBuildFile section */
		40A3C5822B98D4FE0073F754 /* MiniChallenge04App.swift in Sources */ = {isa = PBXBuildFile; fileRef = 40A3C5812B98D4FE0073F754 /* MiniChallenge04App.swift */; };
		40A3C5842B98D4FE0073F754 /* ContentView.swift in Sources */ = {isa = PBXBuildFile; fileRef = 40A3C5832B98D4FE0073F754 /* ContentView.swift */; };
		40A3C5862B98D5000073F754 /* Assets.xcassets in Resources */ = {isa = PBXBuildFile; fileRef = 40A3C5852B98D5000073F754 /* Assets.xcassets */; };
		40A3C5892B98D5000073F754 /* Preview Assets.xcassets in Resources */ = {isa = PBXBuildFile; fileRef = 40A3C5882B98D5000073F754 /* Preview Assets.xcassets */; };
		40D15D872BA8AD7000A7EB1B /* FirstScreen.swift in Sources */ = {isa = PBXBuildFile; fileRef = 40D15D862BA8AD7000A7EB1B /* FirstScreen.swift */; };
		40D15D892BA8B36000A7EB1B /* BackgroundImageView.swift in Sources */ = {isa = PBXBuildFile; fileRef = 40D15D882BA8B36000A7EB1B /* BackgroundImageView.swift */; };
		40D15D8B2BA8B4BF00A7EB1B /* Black.swift in Sources */ = {isa = PBXBuildFile; fileRef = 40D15D8A2BA8B4BF00A7EB1B /* Black.swift */; };
		43588FA72BA8AB99002CB1BB /* FileWhatever.swift in Sources */ = {isa = PBXBuildFile; fileRef = 43588FA62BA8AB99002CB1BB /* FileWhatever.swift */; };
		43588FA92BA8ABA4002CB1BB /* FileWhateverTwo.swift in Sources */ = {isa = PBXBuildFile; fileRef = 43588FA82BA8ABA4002CB1BB /* FileWhateverTwo.swift */; };
		9C1937B62BA8C2DA00DDB19C /* CreditsView.swift in Sources */ = {isa = PBXBuildFile; fileRef = 9C1937B52BA8C2DA00DDB19C /* CreditsView.swift */; };
/* End PBXBuildFile section */

/* Begin PBXFileReference section */
		40A3C57E2B98D4FE0073F754 /* MiniChallenge04.app */ = {isa = PBXFileReference; explicitFileType = wrapper.application; includeInIndex = 0; path = MiniChallenge04.app; sourceTree = BUILT_PRODUCTS_DIR; };
		40A3C5812B98D4FE0073F754 /* MiniChallenge04App.swift */ = {isa = PBXFileReference; lastKnownFileType = sourcecode.swift; path = MiniChallenge04App.swift; sourceTree = "<group>"; };
		40A3C5832B98D4FE0073F754 /* ContentView.swift */ = {isa = PBXFileReference; lastKnownFileType = sourcecode.swift; path = ContentView.swift; sourceTree = "<group>"; };
		40A3C5852B98D5000073F754 /* Assets.xcassets */ = {isa = PBXFileReference; lastKnownFileType = folder.assetcatalog; path = Assets.xcassets; sourceTree = "<group>"; };
		40A3C5882B98D5000073F754 /* Preview Assets.xcassets */ = {isa = PBXFileReference; lastKnownFileType = folder.assetcatalog; path = "Preview Assets.xcassets"; sourceTree = "<group>"; };
		40D15D862BA8AD7000A7EB1B /* FirstScreen.swift */ = {isa = PBXFileReference; lastKnownFileType = sourcecode.swift; path = FirstScreen.swift; sourceTree = "<group>"; };
		40D15D882BA8B36000A7EB1B /* BackgroundImageView.swift */ = {isa = PBXFileReference; lastKnownFileType = sourcecode.swift; path = BackgroundImageView.swift; sourceTree = "<group>"; };
		40D15D8A2BA8B4BF00A7EB1B /* Black.swift */ = {isa = PBXFileReference; lastKnownFileType = sourcecode.swift; path = Black.swift; sourceTree = "<group>"; };
		43588FA62BA8AB99002CB1BB /* FileWhatever.swift */ = {isa = PBXFileReference; lastKnownFileType = sourcecode.swift; path = FileWhatever.swift; sourceTree = "<group>"; };
		43588FA82BA8ABA4002CB1BB /* FileWhateverTwo.swift */ = {isa = PBXFileReference; lastKnownFileType = sourcecode.swift; path = FileWhateverTwo.swift; sourceTree = "<group>"; };
		9C1937B52BA8C2DA00DDB19C /* CreditsView.swift */ = {isa = PBXFileReference; lastKnownFileType = sourcecode.swift; path = CreditsView.swift; sourceTree = "<group>"; };
/* End PBXFileReference section */

/* Begin PBXFrameworksBuildPhase section */
		40A3C57B2B98D4FE0073F754 /* Frameworks */ = {
			isa = PBXFrameworksBuildPhase;
			buildActionMask = 2147483647;
			files = (
			);
			runOnlyForDeploymentPostprocessing = 0;
		};
/* End PBXFrameworksBuildPhase section */

/* Begin PBXGroup section */
		4091472A2B98E2AD0082E226 /* App */ = {
			isa = PBXGroup;
			children = (
				40A3C5812B98D4FE0073F754 /* MiniChallenge04App.swift */,
				40A3C5852B98D5000073F754 /* Assets.xcassets */,
			);
			path = App;
			sourceTree = "<group>";
		};
		4091472B2B98E2BF0082E226 /* Views */ = {
			isa = PBXGroup;
			children = (
				40A3C5832B98D4FE0073F754 /* ContentView.swift */,
				40D15D862BA8AD7000A7EB1B /* FirstScreen.swift */,
				40D15D882BA8B36000A7EB1B /* BackgroundImageView.swift */,
				40D15D8A2BA8B4BF00A7EB1B /* Black.swift */,
				9C1937B52BA8C2DA00DDB19C /* CreditsView.swift */,
			);
			path = Views;
			sourceTree = "<group>";
		};
		40A3C5752B98D4FE0073F754 = {
			isa = PBXGroup;
			children = (
				40A3C5802B98D4FE0073F754 /* MiniChallenge04 */,
				40A3C57F2B98D4FE0073F754 /* Products */,
			);
			sourceTree = "<group>";
		};
		40A3C57F2B98D4FE0073F754 /* Products */ = {
			isa = PBXGroup;
			children = (
				40A3C57E2B98D4FE0073F754 /* MiniChallenge04.app */,
			);
			name = Products;
			sourceTree = "<group>";
		};
		40A3C5802B98D4FE0073F754 /* MiniChallenge04 */ = {
			isa = PBXGroup;
			children = (
				4091472A2B98E2AD0082E226 /* App */,
				43588F812BA8A688002CB1BB /* ViewModels */,
				43588F822BA8A692002CB1BB /* Models */,
				4091472B2B98E2BF0082E226 /* Views */,
				40A3C5872B98D5000073F754 /* Preview Content */,
			);
			path = MiniChallenge04;
			sourceTree = "<group>";
		};
		40A3C5872B98D5000073F754 /* Preview Content */ = {
			isa = PBXGroup;
			children = (
				40A3C5882B98D5000073F754 /* Preview Assets.xcassets */,
			);
			path = "Preview Content";
			sourceTree = "<group>";
		};
		43588F812BA8A688002CB1BB /* ViewModels */ = {
			isa = PBXGroup;
			children = (
				43588FA82BA8ABA4002CB1BB /* FileWhateverTwo.swift */,
			);
			path = ViewModels;
			sourceTree = "<group>";
		};
		43588F822BA8A692002CB1BB /* Models */ = {
			isa = PBXGroup;
			children = (
				43588FA62BA8AB99002CB1BB /* FileWhatever.swift */,
			);
			path = Models;
			sourceTree = "<group>";
		};
/* End PBXGroup section */

/* Begin PBXNativeTarget section */
		40A3C57D2B98D4FE0073F754 /* MiniChallenge04 */ = {
			isa = PBXNativeTarget;
			buildConfigurationList = 40A3C58C2B98D5000073F754 /* Build configuration list for PBXNativeTarget "MiniChallenge04" */;
			buildPhases = (
				40A3C57A2B98D4FE0073F754 /* Sources */,
				40A3C57B2B98D4FE0073F754 /* Frameworks */,
				40A3C57C2B98D4FE0073F754 /* Resources */,
			);
			buildRules = (
			);
			dependencies = (
			);
			name = MiniChallenge04;
			productName = MiniChallenge04;
			productReference = 40A3C57E2B98D4FE0073F754 /* MiniChallenge04.app */;
			productType = "com.apple.product-type.application";
		};
/* End PBXNativeTarget section */

/* Begin PBXProject section */
		40A3C5762B98D4FE0073F754 /* Project object */ = {
			isa = PBXProject;
			attributes = {
				BuildIndependentTargetsInParallel = 1;
				LastSwiftUpdateCheck = 1520;
				LastUpgradeCheck = 1520;
				TargetAttributes = {
					40A3C57D2B98D4FE0073F754 = {
						CreatedOnToolsVersion = 15.2;
					};
				};
			};
			buildConfigurationList = 40A3C5792B98D4FE0073F754 /* Build configuration list for PBXProject "MiniChallenge04" */;
			compatibilityVersion = "Xcode 14.0";
			developmentRegion = en;
			hasScannedForEncodings = 0;
			knownRegions = (
				en,
				Base,
			);
			mainGroup = 40A3C5752B98D4FE0073F754;
			productRefGroup = 40A3C57F2B98D4FE0073F754 /* Products */;
			projectDirPath = "";
			projectRoot = "";
			targets = (
				40A3C57D2B98D4FE0073F754 /* MiniChallenge04 */,
			);
		};
/* End PBXProject section */

/* Begin PBXResourcesBuildPhase section */
		40A3C57C2B98D4FE0073F754 /* Resources */ = {
			isa = PBXResourcesBuildPhase;
			buildActionMask = 2147483647;
			files = (
				40A3C5892B98D5000073F754 /* Preview Assets.xcassets in Resources */,
				40A3C5862B98D5000073F754 /* Assets.xcassets in Resources */,
			);
			runOnlyForDeploymentPostprocessing = 0;
		};
/* End PBXResourcesBuildPhase section */

/* Begin PBXSourcesBuildPhase section */
		40A3C57A2B98D4FE0073F754 /* Sources */ = {
			isa = PBXSourcesBuildPhase;
			buildActionMask = 2147483647;
			files = (
				40D15D8B2BA8B4BF00A7EB1B /* Black.swift in Sources */,
				40D15D892BA8B36000A7EB1B /* BackgroundImageView.swift in Sources */,
				43588FA92BA8ABA4002CB1BB /* FileWhateverTwo.swift in Sources */,
				43588FA72BA8AB99002CB1BB /* FileWhatever.swift in Sources */,
				40A3C5842B98D4FE0073F754 /* ContentView.swift in Sources */,
				9C1937B62BA8C2DA00DDB19C /* CreditsView.swift in Sources */,
				40A3C5822B98D4FE0073F754 /* MiniChallenge04App.swift in Sources */,
				40D15D872BA8AD7000A7EB1B /* FirstScreen.swift in Sources */,
			);
			runOnlyForDeploymentPostprocessing = 0;
		};
/* End PBXSourcesBuildPhase section */

/* Begin XCBuildConfiguration section */
		40A3C58A2B98D5000073F754 /* Debug */ = {
			isa = XCBuildConfiguration;
			buildSettings = {
				ALWAYS_SEARCH_USER_PATHS = NO;
				ASSETCATALOG_COMPILER_GENERATE_SWIFT_ASSET_SYMBOL_EXTENSIONS = YES;
				CLANG_ANALYZER_NONNULL = YES;
				CLANG_ANALYZER_NUMBER_OBJECT_CONVERSION = YES_AGGRESSIVE;
				CLANG_CXX_LANGUAGE_STANDARD = "gnu++20";
				CLANG_ENABLE_MODULES = YES;
				CLANG_ENABLE_OBJC_ARC = YES;
				CLANG_ENABLE_OBJC_WEAK = YES;
				CLANG_WARN_BLOCK_CAPTURE_AUTORELEASING = YES;
				CLANG_WARN_BOOL_CONVERSION = YES;
				CLANG_WARN_COMMA = YES;
				CLANG_WARN_CONSTANT_CONVERSION = YES;
				CLANG_WARN_DEPRECATED_OBJC_IMPLEMENTATIONS = YES;
				CLANG_WARN_DIRECT_OBJC_ISA_USAGE = YES_ERROR;
				CLANG_WARN_DOCUMENTATION_COMMENTS = YES;
				CLANG_WARN_EMPTY_BODY = YES;
				CLANG_WARN_ENUM_CONVERSION = YES;
				CLANG_WARN_INFINITE_RECURSION = YES;
				CLANG_WARN_INT_CONVERSION = YES;
				CLANG_WARN_NON_LITERAL_NULL_CONVERSION = YES;
				CLANG_WARN_OBJC_IMPLICIT_RETAIN_SELF = YES;
				CLANG_WARN_OBJC_LITERAL_CONVERSION = YES;
				CLANG_WARN_OBJC_ROOT_CLASS = YES_ERROR;
				CLANG_WARN_QUOTED_INCLUDE_IN_FRAMEWORK_HEADER = YES;
				CLANG_WARN_RANGE_LOOP_ANALYSIS = YES;
				CLANG_WARN_STRICT_PROTOTYPES = YES;
				CLANG_WARN_SUSPICIOUS_MOVE = YES;
				CLANG_WARN_UNGUARDED_AVAILABILITY = YES_AGGRESSIVE;
				CLANG_WARN_UNREACHABLE_CODE = YES;
				CLANG_WARN__DUPLICATE_METHOD_MATCH = YES;
				COPY_PHASE_STRIP = NO;
				DEBUG_INFORMATION_FORMAT = dwarf;
				ENABLE_STRICT_OBJC_MSGSEND = YES;
				ENABLE_TESTABILITY = YES;
				ENABLE_USER_SCRIPT_SANDBOXING = YES;
				GCC_C_LANGUAGE_STANDARD = gnu17;
				GCC_DYNAMIC_NO_PIC = NO;
				GCC_NO_COMMON_BLOCKS = YES;
				GCC_OPTIMIZATION_LEVEL = 0;
				GCC_PREPROCESSOR_DEFINITIONS = (
					"DEBUG=1",
					"$(inherited)",
				);
				GCC_WARN_64_TO_32_BIT_CONVERSION = YES;
				GCC_WARN_ABOUT_RETURN_TYPE = YES_ERROR;
				GCC_WARN_UNDECLARED_SELECTOR = YES;
				GCC_WARN_UNINITIALIZED_AUTOS = YES_AGGRESSIVE;
				GCC_WARN_UNUSED_FUNCTION = YES;
				GCC_WARN_UNUSED_VARIABLE = YES;
				IPHONEOS_DEPLOYMENT_TARGET = 17.2;
				LOCALIZATION_PREFERS_STRING_CATALOGS = YES;
				MTL_ENABLE_DEBUG_INFO = INCLUDE_SOURCE;
				MTL_FAST_MATH = YES;
				ONLY_ACTIVE_ARCH = YES;
				SDKROOT = iphoneos;
				SWIFT_ACTIVE_COMPILATION_CONDITIONS = "DEBUG $(inherited)";
				SWIFT_OPTIMIZATION_LEVEL = "-Onone";
			};
			name = Debug;
		};
		40A3C58B2B98D5000073F754 /* Release */ = {
			isa = XCBuildConfiguration;
			buildSettings = {
				ALWAYS_SEARCH_USER_PATHS = NO;
				ASSETCATALOG_COMPILER_GENERATE_SWIFT_ASSET_SYMBOL_EXTENSIONS = YES;
				CLANG_ANALYZER_NONNULL = YES;
				CLANG_ANALYZER_NUMBER_OBJECT_CONVERSION = YES_AGGRESSIVE;
				CLANG_CXX_LANGUAGE_STANDARD = "gnu++20";
				CLANG_ENABLE_MODULES = YES;
				CLANG_ENABLE_OBJC_ARC = YES;
				CLANG_ENABLE_OBJC_WEAK = YES;
				CLANG_WARN_BLOCK_CAPTURE_AUTORELEASING = YES;
				CLANG_WARN_BOOL_CONVERSION = YES;
				CLANG_WARN_COMMA = YES;
				CLANG_WARN_CONSTANT_CONVERSION = YES;
				CLANG_WARN_DEPRECATED_OBJC_IMPLEMENTATIONS = YES;
				CLANG_WARN_DIRECT_OBJC_ISA_USAGE = YES_ERROR;
				CLANG_WARN_DOCUMENTATION_COMMENTS = YES;
				CLANG_WARN_EMPTY_BODY = YES;
				CLANG_WARN_ENUM_CONVERSION = YES;
				CLANG_WARN_INFINITE_RECURSION = YES;
				CLANG_WARN_INT_CONVERSION = YES;
				CLANG_WARN_NON_LITERAL_NULL_CONVERSION = YES;
				CLANG_WARN_OBJC_IMPLICIT_RETAIN_SELF = YES;
				CLANG_WARN_OBJC_LITERAL_CONVERSION = YES;
				CLANG_WARN_OBJC_ROOT_CLASS = YES_ERROR;
				CLANG_WARN_QUOTED_INCLUDE_IN_FRAMEWORK_HEADER = YES;
				CLANG_WARN_RANGE_LOOP_ANALYSIS = YES;
				CLANG_WARN_STRICT_PROTOTYPES = YES;
				CLANG_WARN_SUSPICIOUS_MOVE = YES;
				CLANG_WARN_UNGUARDED_AVAILABILITY = YES_AGGRESSIVE;
				CLANG_WARN_UNREACHABLE_CODE = YES;
				CLANG_WARN__DUPLICATE_METHOD_MATCH = YES;
				COPY_PHASE_STRIP = NO;
				DEBUG_INFORMATION_FORMAT = "dwarf-with-dsym";
				ENABLE_NS_ASSERTIONS = NO;
				ENABLE_STRICT_OBJC_MSGSEND = YES;
				ENABLE_USER_SCRIPT_SANDBOXING = YES;
				GCC_C_LANGUAGE_STANDARD = gnu17;
				GCC_NO_COMMON_BLOCKS = YES;
				GCC_WARN_64_TO_32_BIT_CONVERSION = YES;
				GCC_WARN_ABOUT_RETURN_TYPE = YES_ERROR;
				GCC_WARN_UNDECLARED_SELECTOR = YES;
				GCC_WARN_UNINITIALIZED_AUTOS = YES_AGGRESSIVE;
				GCC_WARN_UNUSED_FUNCTION = YES;
				GCC_WARN_UNUSED_VARIABLE = YES;
				IPHONEOS_DEPLOYMENT_TARGET = 17.2;
				LOCALIZATION_PREFERS_STRING_CATALOGS = YES;
				MTL_ENABLE_DEBUG_INFO = NO;
				MTL_FAST_MATH = YES;
				SDKROOT = iphoneos;
				SWIFT_COMPILATION_MODE = wholemodule;
				VALIDATE_PRODUCT = YES;
			};
			name = Release;
		};
		40A3C58D2B98D5000073F754 /* Debug */ = {
			isa = XCBuildConfiguration;
			buildSettings = {
				ASSETCATALOG_COMPILER_APPICON_NAME = AppIcon;
				ASSETCATALOG_COMPILER_GLOBAL_ACCENT_COLOR_NAME = AccentColor;
				CODE_SIGN_STYLE = Automatic;
				CURRENT_PROJECT_VERSION = 1;
				DEVELOPMENT_ASSET_PATHS = "\"MiniChallenge04/Preview Content\"";
				DEVELOPMENT_TEAM = M9H5R689TD;
				ENABLE_PREVIEWS = YES;
				GENERATE_INFOPLIST_FILE = YES;
				INFOPLIST_KEY_UIApplicationSceneManifest_Generation = YES;
				INFOPLIST_KEY_UIApplicationSupportsIndirectInputEvents = YES;
				INFOPLIST_KEY_UILaunchScreen_Generation = YES;
				INFOPLIST_KEY_UIRequiresFullScreen = YES;
				INFOPLIST_KEY_UIStatusBarHidden = YES;
				INFOPLIST_KEY_UISupportedInterfaceOrientations = "UIInterfaceOrientationLandscapeLeft UIInterfaceOrientationLandscapeRight";
				LD_RUNPATH_SEARCH_PATHS = (
					"$(inherited)",
					"@executable_path/Frameworks",
				);
				MARKETING_VERSION = 1.0;
				PRODUCT_BUNDLE_IDENTIFIER = com.GuilhermeNunesLobo.MiniChallenge04;
				PRODUCT_NAME = "$(TARGET_NAME)";
				SUPPORTED_PLATFORMS = "iphoneos iphonesimulator";
				SUPPORTS_MACCATALYST = NO;
				SUPPORTS_MAC_DESIGNED_FOR_IPHONE_IPAD = NO;
				SUPPORTS_XR_DESIGNED_FOR_IPHONE_IPAD = NO;
				SWIFT_EMIT_LOC_STRINGS = YES;
				SWIFT_VERSION = 5.0;
				TARGETED_DEVICE_FAMILY = 2;
			};
			name = Debug;
		};
		40A3C58E2B98D5000073F754 /* Release */ = {
			isa = XCBuildConfiguration;
			buildSettings = {
				ASSETCATALOG_COMPILER_APPICON_NAME = AppIcon;
				ASSETCATALOG_COMPILER_GLOBAL_ACCENT_COLOR_NAME = AccentColor;
				CODE_SIGN_STYLE = Automatic;
				CURRENT_PROJECT_VERSION = 1;
				DEVELOPMENT_ASSET_PATHS = "\"MiniChallenge04/Preview Content\"";
				DEVELOPMENT_TEAM = M9H5R689TD;
				ENABLE_PREVIEWS = YES;
				GENERATE_INFOPLIST_FILE = YES;
				INFOPLIST_KEY_UIApplicationSceneManifest_Generation = YES;
				INFOPLIST_KEY_UIApplicationSupportsIndirectInputEvents = YES;
				INFOPLIST_KEY_UILaunchScreen_Generation = YES;
				INFOPLIST_KEY_UIRequiresFullScreen = YES;
				INFOPLIST_KEY_UIStatusBarHidden = YES;
				INFOPLIST_KEY_UISupportedInterfaceOrientations = "UIInterfaceOrientationLandscapeLeft UIInterfaceOrientationLandscapeRight";
				LD_RUNPATH_SEARCH_PATHS = (
					"$(inherited)",
					"@executable_path/Frameworks",
				);
				MARKETING_VERSION = 1.0;
				PRODUCT_BUNDLE_IDENTIFIER = com.GuilhermeNunesLobo.MiniChallenge04;
				PRODUCT_NAME = "$(TARGET_NAME)";
				SUPPORTED_PLATFORMS = "iphoneos iphonesimulator";
				SUPPORTS_MACCATALYST = NO;
				SUPPORTS_MAC_DESIGNED_FOR_IPHONE_IPAD = NO;
				SUPPORTS_XR_DESIGNED_FOR_IPHONE_IPAD = NO;
				SWIFT_EMIT_LOC_STRINGS = YES;
				SWIFT_VERSION = 5.0;
				TARGETED_DEVICE_FAMILY = 2;
			};
			name = Release;
		};
/* End XCBuildConfiguration section */

/* Begin XCConfigurationList section */
		40A3C5792B98D4FE0073F754 /* Build configuration list for PBXProject "MiniChallenge04" */ = {
			isa = XCConfigurationList;
			buildConfigurations = (
				40A3C58A2B98D5000073F754 /* Debug */,
				40A3C58B2B98D5000073F754 /* Release */,
			);
			defaultConfigurationIsVisible = 0;
			defaultConfigurationName = Release;
		};
		40A3C58C2B98D5000073F754 /* Build configuration list for PBXNativeTarget "MiniChallenge04" */ = {
			isa = XCConfigurationList;
			buildConfigurations = (
				40A3C58D2B98D5000073F754 /* Debug */,
				40A3C58E2B98D5000073F754 /* Release */,
			);
			defaultConfigurationIsVisible = 0;
			defaultConfigurationName = Release;
		};
/* End XCConfigurationList section */
	};
	rootObject = 40A3C5762B98D4FE0073F754 /* Project object */;
}
