// !$*UTF8*$!
{
	archiveVersion = 1;
	classes = {
	};
	objectVersion = 56;
	objects = {

/* Begin PBXBuildFile section */
		31093E472BAB4DDC00E3B7AF /* ContextGameScene.swift in Sources */ = {isa = PBXBuildFile; fileRef = 31093E462BAB4DDC00E3B7AF /* ContextGameScene.swift */; };
		31093E492BAB4E5B00E3B7AF /* CreditsView.swift in Sources */ = {isa = PBXBuildFile; fileRef = 31093E482BAB4E5A00E3B7AF /* CreditsView.swift */; };
		31093E512BAB4EBB00E3B7AF /* VariaveisGlobais.swift in Sources */ = {isa = PBXBuildFile; fileRef = 31093E4C2BAB4EBB00E3B7AF /* VariaveisGlobais.swift */; };
		31093E522BAB4EBB00E3B7AF /* Scenes.swift in Sources */ = {isa = PBXBuildFile; fileRef = 31093E4D2BAB4EBB00E3B7AF /* Scenes.swift */; };
		31093E532BAB4EBB00E3B7AF /* Functions.swift in Sources */ = {isa = PBXBuildFile; fileRef = 31093E4E2BAB4EBB00E3B7AF /* Functions.swift */; };
		31093E552BAB4EBB00E3B7AF /* DialogueBox.swift in Sources */ = {isa = PBXBuildFile; fileRef = 31093E502BAB4EBB00E3B7AF /* DialogueBox.swift */; };
		311A0F7C2BB1E46700193C3D /* RapportBar.swift in Sources */ = {isa = PBXBuildFile; fileRef = 311A0F7B2BB1E46700193C3D /* RapportBar.swift */; };
		311A0F7E2BB1E6AD00193C3D /* RapportTestScene.swift in Sources */ = {isa = PBXBuildFile; fileRef = 311A0F7D2BB1E6AD00193C3D /* RapportTestScene.swift */; };
		311A0F812BB1F9C200193C3D /* Score.swift in Sources */ = {isa = PBXBuildFile; fileRef = 311A0F802BB1F9C200193C3D /* Score.swift */; };
		311A0F832BB2040B00193C3D /* UpperSidebar.swift in Sources */ = {isa = PBXBuildFile; fileRef = 311A0F822BB2040B00193C3D /* UpperSidebar.swift */; };
		311A0F852BB31FB000193C3D /* BottomSidebar.swift in Sources */ = {isa = PBXBuildFile; fileRef = 311A0F842BB31FB000193C3D /* BottomSidebar.swift */; };
		311A0F882BB32CC500193C3D /* SidebarNode.swift in Sources */ = {isa = PBXBuildFile; fileRef = 311A0F872BB32CC500193C3D /* SidebarNode.swift */; };
		319ED1422BAE005A002DCCF2 /* Weapons.swift in Sources */ = {isa = PBXBuildFile; fileRef = 319ED1412BAE005A002DCCF2 /* Weapons.swift */; };
		40A3C5822B98D4FE0073F754 /* MiniChallenge04App.swift in Sources */ = {isa = PBXBuildFile; fileRef = 40A3C5812B98D4FE0073F754 /* MiniChallenge04App.swift */; };
		40A3C5862B98D5000073F754 /* Assets.xcassets in Resources */ = {isa = PBXBuildFile; fileRef = 40A3C5852B98D5000073F754 /* Assets.xcassets */; };
		40A3C5892B98D5000073F754 /* Preview Assets.xcassets in Resources */ = {isa = PBXBuildFile; fileRef = 40A3C5882B98D5000073F754 /* Preview Assets.xcassets */; };
		40B793E52BAC95EE000C27DC /* VideoCutsceneView.swift in Sources */ = {isa = PBXBuildFile; fileRef = 40B793E42BAC95EE000C27DC /* VideoCutsceneView.swift */; };
		40B793E72BAC9990000C27DC /* P.mp4 in Resources */ = {isa = PBXBuildFile; fileRef = 40B793E62BAC9977000C27DC /* P.mp4 */; };
		40D15D872BA8AD7000A7EB1B /* FirstScreen.swift in Sources */ = {isa = PBXBuildFile; fileRef = 40D15D862BA8AD7000A7EB1B /* FirstScreen.swift */; };
		40D15D892BA8B36000A7EB1B /* BackgroundImageView.swift in Sources */ = {isa = PBXBuildFile; fileRef = 40D15D882BA8B36000A7EB1B /* BackgroundImageView.swift */; };
		40D15D8B2BA8B4BF00A7EB1B /* Black.swift in Sources */ = {isa = PBXBuildFile; fileRef = 40D15D8A2BA8B4BF00A7EB1B /* Black.swift */; };
		434050A02BAE222500D4C793 /* Test.mlmodel in Sources */ = {isa = PBXBuildFile; fileRef = 4340509F2BAE222500D4C793 /* Test.mlmodel */; };
		43588FA72BA8AB99002CB1BB /* ContextModel.swift in Sources */ = {isa = PBXBuildFile; fileRef = 43588FA62BA8AB99002CB1BB /* ContextModel.swift */; };
		43700D3F2BBC7E1400A323CC /* SuspicionsNode.swift in Sources */ = {isa = PBXBuildFile; fileRef = 43700D3E2BBC7E1400A323CC /* SuspicionsNode.swift */; };
		43700D412BBC7EB800A323CC /* SquareNode.swift in Sources */ = {isa = PBXBuildFile; fileRef = 43700D402BBC7EB800A323CC /* SquareNode.swift */; };
		438535872BBC94AE0006B3CC /* MasterNode.swift in Sources */ = {isa = PBXBuildFile; fileRef = 438535862BBC94AE0006B3CC /* MasterNode.swift */; };
		43A1CF022BADFB7E0056E11C /* MachineLearningModel.swift in Sources */ = {isa = PBXBuildFile; fileRef = 43A1CF012BADFB7E0056E11C /* MachineLearningModel.swift */; };
		43FEAB2F2BB4906B002A35F8 /* ScreenReport.swift in Sources */ = {isa = PBXBuildFile; fileRef = 43FEAB2E2BB4906B002A35F8 /* ScreenReport.swift */; };
		43FEAB312BB4907F002A35F8 /* ScreenReportModel.swift in Sources */ = {isa = PBXBuildFile; fileRef = 43FEAB302BB4907F002A35F8 /* ScreenReportModel.swift */; };
		43FEAB332BB49886002A35F8 /* ScreenReportViewModel.swift in Sources */ = {isa = PBXBuildFile; fileRef = 43FEAB322BB49886002A35F8 /* ScreenReportViewModel.swift */; };
		9C36430E2BA8D95B0011FF6E /* Map.swift in Sources */ = {isa = PBXBuildFile; fileRef = 9C36430D2BA8D95B0011FF6E /* Map.swift */; };
		9C3643122BAA280A0011FF6E /* Cena_transition.swift in Sources */ = {isa = PBXBuildFile; fileRef = 9C3643112BAA280A0011FF6E /* Cena_transition.swift */; };
		9C3643142BAA2C390011FF6E /* Cena_transition2.swift in Sources */ = {isa = PBXBuildFile; fileRef = 9C3643132BAA2C390011FF6E /* Cena_transition2.swift */; };
		9C3643162BAA2D2C0011FF6E /* Cena_transition3.swift in Sources */ = {isa = PBXBuildFile; fileRef = 9C3643152BAA2D2C0011FF6E /* Cena_transition3.swift */; };
		9C36431C2BACB0380011FF6E /* Npc.swift in Sources */ = {isa = PBXBuildFile; fileRef = 9C36431B2BACB0380011FF6E /* Npc.swift */; };
		9C36431E2BACB09B0011FF6E /* Place.swift in Sources */ = {isa = PBXBuildFile; fileRef = 9C36431D2BACB09B0011FF6E /* Place.swift */; };
		9C3643262BB2087B0011FF6E /* FirstScreenViewModel.swift in Sources */ = {isa = PBXBuildFile; fileRef = 9C3643252BB2087B0011FF6E /* FirstScreenViewModel.swift */; };
/* End PBXBuildFile section */

/* Begin PBXFileReference section */
		31093E462BAB4DDC00E3B7AF /* ContextGameScene.swift */ = {isa = PBXFileReference; fileEncoding = 4; lastKnownFileType = sourcecode.swift; path = ContextGameScene.swift; sourceTree = "<group>"; };
		31093E482BAB4E5A00E3B7AF /* CreditsView.swift */ = {isa = PBXFileReference; fileEncoding = 4; lastKnownFileType = sourcecode.swift; path = CreditsView.swift; sourceTree = "<group>"; };
		31093E4C2BAB4EBB00E3B7AF /* VariaveisGlobais.swift */ = {isa = PBXFileReference; fileEncoding = 4; lastKnownFileType = sourcecode.swift; path = VariaveisGlobais.swift; sourceTree = "<group>"; };
		31093E4D2BAB4EBB00E3B7AF /* Scenes.swift */ = {isa = PBXFileReference; fileEncoding = 4; lastKnownFileType = sourcecode.swift; path = Scenes.swift; sourceTree = "<group>"; };
		31093E4E2BAB4EBB00E3B7AF /* Functions.swift */ = {isa = PBXFileReference; fileEncoding = 4; lastKnownFileType = sourcecode.swift; path = Functions.swift; sourceTree = "<group>"; };
		31093E502BAB4EBB00E3B7AF /* DialogueBox.swift */ = {isa = PBXFileReference; fileEncoding = 4; lastKnownFileType = sourcecode.swift; path = DialogueBox.swift; sourceTree = "<group>"; };
		311A0F7B2BB1E46700193C3D /* RapportBar.swift */ = {isa = PBXFileReference; lastKnownFileType = sourcecode.swift; path = RapportBar.swift; sourceTree = "<group>"; };
		311A0F7D2BB1E6AD00193C3D /* RapportTestScene.swift */ = {isa = PBXFileReference; lastKnownFileType = sourcecode.swift; path = RapportTestScene.swift; sourceTree = "<group>"; };
		311A0F802BB1F9C200193C3D /* Score.swift */ = {isa = PBXFileReference; lastKnownFileType = sourcecode.swift; path = Score.swift; sourceTree = "<group>"; };
		311A0F822BB2040B00193C3D /* UpperSidebar.swift */ = {isa = PBXFileReference; lastKnownFileType = sourcecode.swift; path = UpperSidebar.swift; sourceTree = "<group>"; };
		311A0F842BB31FB000193C3D /* BottomSidebar.swift */ = {isa = PBXFileReference; lastKnownFileType = sourcecode.swift; path = BottomSidebar.swift; sourceTree = "<group>"; };
		311A0F872BB32CC500193C3D /* SidebarNode.swift */ = {isa = PBXFileReference; lastKnownFileType = sourcecode.swift; path = SidebarNode.swift; sourceTree = "<group>"; };
		319ED1412BAE005A002DCCF2 /* Weapons.swift */ = {isa = PBXFileReference; lastKnownFileType = sourcecode.swift; path = Weapons.swift; sourceTree = "<group>"; };
		40A3C5812B98D4FE0073F754 /* MiniChallenge04App.swift */ = {isa = PBXFileReference; lastKnownFileType = sourcecode.swift; path = MiniChallenge04App.swift; sourceTree = "<group>"; };
		40A3C5852B98D5000073F754 /* Assets.xcassets */ = {isa = PBXFileReference; lastKnownFileType = folder.assetcatalog; path = Assets.xcassets; sourceTree = "<group>"; };
		40A3C5882B98D5000073F754 /* Preview Assets.xcassets */ = {isa = PBXFileReference; lastKnownFileType = folder.assetcatalog; path = "Preview Assets.xcassets"; sourceTree = "<group>"; };
		40B793E42BAC95EE000C27DC /* VideoCutsceneView.swift */ = {isa = PBXFileReference; lastKnownFileType = sourcecode.swift; path = VideoCutsceneView.swift; sourceTree = "<group>"; };
		40B793E62BAC9977000C27DC /* P.mp4 */ = {isa = PBXFileReference; lastKnownFileType = file; path = P.mp4; sourceTree = "<group>"; };
		40D15D862BA8AD7000A7EB1B /* FirstScreen.swift */ = {isa = PBXFileReference; lastKnownFileType = sourcecode.swift; path = FirstScreen.swift; sourceTree = "<group>"; };
		40D15D882BA8B36000A7EB1B /* BackgroundImageView.swift */ = {isa = PBXFileReference; lastKnownFileType = sourcecode.swift; path = BackgroundImageView.swift; sourceTree = "<group>"; };
		40D15D8A2BA8B4BF00A7EB1B /* Black.swift */ = {isa = PBXFileReference; lastKnownFileType = sourcecode.swift; path = Black.swift; sourceTree = "<group>"; };
		4340509F2BAE222500D4C793 /* Test.mlmodel */ = {isa = PBXFileReference; lastKnownFileType = file.mlmodel; path = Test.mlmodel; sourceTree = "<group>"; };
		43588FA62BA8AB99002CB1BB /* ContextModel.swift */ = {isa = PBXFileReference; lastKnownFileType = sourcecode.swift; path = ContextModel.swift; sourceTree = "<group>"; };
		43700D3E2BBC7E1400A323CC /* SuspicionsNode.swift */ = {isa = PBXFileReference; lastKnownFileType = sourcecode.swift; path = SuspicionsNode.swift; sourceTree = "<group>"; };
		43700D402BBC7EB800A323CC /* SquareNode.swift */ = {isa = PBXFileReference; lastKnownFileType = sourcecode.swift; path = SquareNode.swift; sourceTree = "<group>"; };
		438535862BBC94AE0006B3CC /* MasterNode.swift */ = {isa = PBXFileReference; lastKnownFileType = sourcecode.swift; path = MasterNode.swift; sourceTree = "<group>"; };
		43A1CF012BADFB7E0056E11C /* MachineLearningModel.swift */ = {isa = PBXFileReference; lastKnownFileType = sourcecode.swift; path = MachineLearningModel.swift; sourceTree = "<group>"; };
		43A1CF052BAE18730056E11C /* MiniChallenge04.app */ = {isa = PBXFileReference; explicitFileType = wrapper.application; includeInIndex = 0; path = MiniChallenge04.app; sourceTree = BUILT_PRODUCTS_DIR; };
		43FEAB2E2BB4906B002A35F8 /* ScreenReport.swift */ = {isa = PBXFileReference; lastKnownFileType = sourcecode.swift; path = ScreenReport.swift; sourceTree = "<group>"; };
		43FEAB302BB4907F002A35F8 /* ScreenReportModel.swift */ = {isa = PBXFileReference; lastKnownFileType = sourcecode.swift; path = ScreenReportModel.swift; sourceTree = "<group>"; };
		43FEAB322BB49886002A35F8 /* ScreenReportViewModel.swift */ = {isa = PBXFileReference; lastKnownFileType = sourcecode.swift; path = ScreenReportViewModel.swift; sourceTree = "<group>"; };
		9C36430D2BA8D95B0011FF6E /* Map.swift */ = {isa = PBXFileReference; lastKnownFileType = sourcecode.swift; path = Map.swift; sourceTree = "<group>"; };
		9C3643112BAA280A0011FF6E /* Cena_transition.swift */ = {isa = PBXFileReference; lastKnownFileType = sourcecode.swift; path = Cena_transition.swift; sourceTree = "<group>"; };
		9C3643132BAA2C390011FF6E /* Cena_transition2.swift */ = {isa = PBXFileReference; lastKnownFileType = sourcecode.swift; path = Cena_transition2.swift; sourceTree = "<group>"; };
		9C3643152BAA2D2C0011FF6E /* Cena_transition3.swift */ = {isa = PBXFileReference; lastKnownFileType = sourcecode.swift; path = Cena_transition3.swift; sourceTree = "<group>"; };
		9C36431B2BACB0380011FF6E /* Npc.swift */ = {isa = PBXFileReference; lastKnownFileType = sourcecode.swift; path = Npc.swift; sourceTree = "<group>"; };
		9C36431D2BACB09B0011FF6E /* Place.swift */ = {isa = PBXFileReference; lastKnownFileType = sourcecode.swift; path = Place.swift; sourceTree = "<group>"; };
		9C3643252BB2087B0011FF6E /* FirstScreenViewModel.swift */ = {isa = PBXFileReference; lastKnownFileType = sourcecode.swift; path = FirstScreenViewModel.swift; sourceTree = "<group>"; };
/* End PBXFileReference section */

/* Begin PBXFrameworksBuildPhase section */
		40A3C57B2B98D4FE0073F754 /* Frameworks */ = {
			isa = PBXFrameworksBuildPhase;
			buildActionMask = 2147483647;
			files = (
			);
			runOnlyForDeploymentPostprocessing = 0;
		};
/* End PBXFrameworksBuildPhase section */

/* Begin PBXGroup section */
		31093E562BAB4EC500E3B7AF /* Utils */ = {
			isa = PBXGroup;
			children = (
				319ED1412BAE005A002DCCF2 /* Weapons.swift */,
				31093E502BAB4EBB00E3B7AF /* DialogueBox.swift */,
				31093E4E2BAB4EBB00E3B7AF /* Functions.swift */,
				31093E4D2BAB4EBB00E3B7AF /* Scenes.swift */,
				31093E4C2BAB4EBB00E3B7AF /* VariaveisGlobais.swift */,
				311A0F862BB3241100193C3D /* Sidebar */,
			);
			path = Utils;
			sourceTree = "<group>";
		};
		31093E572BAB4ED200E3B7AF /* ContextGameScene */ = {
			isa = PBXGroup;
			children = (
				31093E462BAB4DDC00E3B7AF /* ContextGameScene.swift */,
			);
			path = ContextGameScene;
			sourceTree = "<group>";
		};
		31093E582BAB4EDB00E3B7AF /* CreditsView */ = {
			isa = PBXGroup;
			children = (
				31093E482BAB4E5A00E3B7AF /* CreditsView.swift */,
			);
			path = CreditsView;
			sourceTree = "<group>";
		};
		311A0F7A2BB1DEDC00193C3D /* Map */ = {
			isa = PBXGroup;
			children = (
				9C36430D2BA8D95B0011FF6E /* Map.swift */,
				9C3643112BAA280A0011FF6E /* Cena_transition.swift */,
				9C3643132BAA2C390011FF6E /* Cena_transition2.swift */,
				9C3643152BAA2D2C0011FF6E /* Cena_transition3.swift */,
			);
			path = Map;
			sourceTree = "<group>";
		};
		311A0F7F2BB1F98600193C3D /* UpperSidebar */ = {
			isa = PBXGroup;
			children = (
				311A0F7B2BB1E46700193C3D /* RapportBar.swift */,
				311A0F802BB1F9C200193C3D /* Score.swift */,
				311A0F822BB2040B00193C3D /* UpperSidebar.swift */,
			);
			path = UpperSidebar;
			sourceTree = "<group>";
		};
		311A0F862BB3241100193C3D /* Sidebar */ = {
			isa = PBXGroup;
			children = (
				311A0F7F2BB1F98600193C3D /* UpperSidebar */,
				311A0F842BB31FB000193C3D /* BottomSidebar.swift */,
				311A0F872BB32CC500193C3D /* SidebarNode.swift */,
			);
			path = Sidebar;
			sourceTree = "<group>";
		};
		408228042BA9C195002E846E /* FirstScreen */ = {
			isa = PBXGroup;
			children = (
				40D15D862BA8AD7000A7EB1B /* FirstScreen.swift */,
				40D15D8A2BA8B4BF00A7EB1B /* Black.swift */,
				40D15D882BA8B36000A7EB1B /* BackgroundImageView.swift */,
			);
			path = FirstScreen;
			sourceTree = "<group>";
		};
		4091472A2B98E2AD0082E226 /* App */ = {
			isa = PBXGroup;
			children = (
				40A3C5812B98D4FE0073F754 /* MiniChallenge04App.swift */,
				40A3C5852B98D5000073F754 /* Assets.xcassets */,
			);
			path = App;
			sourceTree = "<group>";
		};
		4091472B2B98E2BF0082E226 /* Views */ = {
			isa = PBXGroup;
			children = (
				40B793E32BAC95CB000C27DC /* Cutscene */,
				31093E582BAB4EDB00E3B7AF /* CreditsView */,
				408228042BA9C195002E846E /* FirstScreen */,
				31093E572BAB4ED200E3B7AF /* ContextGameScene */,
				311A0F7A2BB1DEDC00193C3D /* Map */,
				311A0F7D2BB1E6AD00193C3D /* RapportTestScene.swift */,
				43FEAB2E2BB4906B002A35F8 /* ScreenReport.swift */,
			);
			path = Views;
			sourceTree = "<group>";
		};
		40A3C5752B98D4FE0073F754 = {
			isa = PBXGroup;
			children = (
				40A3C5802B98D4FE0073F754 /* MiniChallenge04 */,
				43A1CF052BAE18730056E11C /* MiniChallenge04.app */,
			);
			sourceTree = "<group>";
		};
		40A3C5802B98D4FE0073F754 /* MiniChallenge04 */ = {
			isa = PBXGroup;
			children = (
				4091472A2B98E2AD0082E226 /* App */,
				43588F812BA8A688002CB1BB /* ViewModels */,
				43588F822BA8A692002CB1BB /* Models */,
				4091472B2B98E2BF0082E226 /* Views */,
				31093E562BAB4EC500E3B7AF /* Utils */,
				40A3C5872B98D5000073F754 /* Preview Content */,
			);
			path = MiniChallenge04;
			sourceTree = "<group>";
		};
		40A3C5872B98D5000073F754 /* Preview Content */ = {
			isa = PBXGroup;
			children = (
				40A3C5882B98D5000073F754 /* Preview Assets.xcassets */,
			);
			path = "Preview Content";
			sourceTree = "<group>";
		};
		40B793E32BAC95CB000C27DC /* Cutscene */ = {
			isa = PBXGroup;
			children = (
				40B793E62BAC9977000C27DC /* P.mp4 */,
				40B793E42BAC95EE000C27DC /* VideoCutsceneView.swift */,
			);
			path = Cutscene;
			sourceTree = "<group>";
		};
		43588F812BA8A688002CB1BB /* ViewModels */ = {
			isa = PBXGroup;
			children = (
				9C3643252BB2087B0011FF6E /* FirstScreenViewModel.swift */,
				43FEAB322BB49886002A35F8 /* ScreenReportViewModel.swift */,
				43700D3E2BBC7E1400A323CC /* SuspicionsNode.swift */,
				43700D402BBC7EB800A323CC /* SquareNode.swift */,
				438535862BBC94AE0006B3CC /* MasterNode.swift */,
			);
			path = ViewModels;
			sourceTree = "<group>";
		};
		43588F822BA8A692002CB1BB /* Models */ = {
			isa = PBXGroup;
			children = (
				43588FA62BA8AB99002CB1BB /* ContextModel.swift */,
				43FEAB302BB4907F002A35F8 /* ScreenReportModel.swift */,
				9C36431B2BACB0380011FF6E /* Npc.swift */,
				9C36431D2BACB09B0011FF6E /* Place.swift */,
				43A1CF012BADFB7E0056E11C /* MachineLearningModel.swift */,
				4340509F2BAE222500D4C793 /* Test.mlmodel */,
			);
			path = Models;
			sourceTree = "<group>";
		};
/* End PBXGroup section */

/* Begin PBXNativeTarget section */
		40A3C57D2B98D4FE0073F754 /* MiniChallenge04 */ = {
			isa = PBXNativeTarget;
			buildConfigurationList = 40A3C58C2B98D5000073F754 /* Build configuration list for PBXNativeTarget "MiniChallenge04" */;
			buildPhases = (
				40A3C57A2B98D4FE0073F754 /* Sources */,
				40A3C57B2B98D4FE0073F754 /* Frameworks */,
				40A3C57C2B98D4FE0073F754 /* Resources */,
			);
			buildRules = (
			);
			dependencies = (
			);
			name = MiniChallenge04;
			productName = MiniChallenge04;
			productReference = 43A1CF052BAE18730056E11C /* MiniChallenge04.app */;
			productType = "com.apple.product-type.application";
		};
/* End PBXNativeTarget section */

/* Begin PBXProject section */
		40A3C5762B98D4FE0073F754 /* Project object */ = {
			isa = PBXProject;
			attributes = {
				BuildIndependentTargetsInParallel = 1;
				LastSwiftUpdateCheck = 1520;
				LastUpgradeCheck = 1520;
				TargetAttributes = {
					40A3C57D2B98D4FE0073F754 = {
						CreatedOnToolsVersion = 15.2;
					};
				};
			};
			buildConfigurationList = 40A3C5792B98D4FE0073F754 /* Build configuration list for PBXProject "MiniChallenge04" */;
			compatibilityVersion = "Xcode 14.0";
			developmentRegion = en;
			hasScannedForEncodings = 0;
			knownRegions = (
				en,
				Base,
			);
			mainGroup = 40A3C5752B98D4FE0073F754;
			productRefGroup = 40A3C5752B98D4FE0073F754;
			projectDirPath = "";
			projectRoot = "";
			targets = (
				40A3C57D2B98D4FE0073F754 /* MiniChallenge04 */,
			);
		};
/* End PBXProject section */

/* Begin PBXResourcesBuildPhase section */
		40A3C57C2B98D4FE0073F754 /* Resources */ = {
			isa = PBXResourcesBuildPhase;
			buildActionMask = 2147483647;
			files = (
				40B793E72BAC9990000C27DC /* P.mp4 in Resources */,
				40A3C5892B98D5000073F754 /* Preview Assets.xcassets in Resources */,
				40A3C5862B98D5000073F754 /* Assets.xcassets in Resources */,
			);
			runOnlyForDeploymentPostprocessing = 0;
		};
/* End PBXResourcesBuildPhase section */

/* Begin PBXSourcesBuildPhase section */
		40A3C57A2B98D4FE0073F754 /* Sources */ = {
			isa = PBXSourcesBuildPhase;
			buildActionMask = 2147483647;
			files = (
				40D15D8B2BA8B4BF00A7EB1B /* Black.swift in Sources */,
				311A0F7C2BB1E46700193C3D /* RapportBar.swift in Sources */,
				40D15D892BA8B36000A7EB1B /* BackgroundImageView.swift in Sources */,
				31093E522BAB4EBB00E3B7AF /* Scenes.swift in Sources */,
				31093E532BAB4EBB00E3B7AF /* Functions.swift in Sources */,
				31093E512BAB4EBB00E3B7AF /* VariaveisGlobais.swift in Sources */,
				31093E552BAB4EBB00E3B7AF /* DialogueBox.swift in Sources */,
				43FEAB332BB49886002A35F8 /* ScreenReportViewModel.swift in Sources */,
				311A0F832BB2040B00193C3D /* UpperSidebar.swift in Sources */,
				31093E472BAB4DDC00E3B7AF /* ContextGameScene.swift in Sources */,
				434050A02BAE222500D4C793 /* Test.mlmodel in Sources */,
				311A0F852BB31FB000193C3D /* BottomSidebar.swift in Sources */,
				43A1CF022BADFB7E0056E11C /* MachineLearningModel.swift in Sources */,
				9C3643262BB2087B0011FF6E /* FirstScreenViewModel.swift in Sources */,
				43FEAB2F2BB4906B002A35F8 /* ScreenReport.swift in Sources */,
				9C36431C2BACB0380011FF6E /* Npc.swift in Sources */,
				311A0F7E2BB1E6AD00193C3D /* RapportTestScene.swift in Sources */,
				438535872BBC94AE0006B3CC /* MasterNode.swift in Sources */,
				43700D412BBC7EB800A323CC /* SquareNode.swift in Sources */,
				43700D3F2BBC7E1400A323CC /* SuspicionsNode.swift in Sources */,
				9C3643122BAA280A0011FF6E /* Cena_transition.swift in Sources */,
				319ED1422BAE005A002DCCF2 /* Weapons.swift in Sources */,
				9C36431E2BACB09B0011FF6E /* Place.swift in Sources */,
				9C3643142BAA2C390011FF6E /* Cena_transition2.swift in Sources */,
				43588FA72BA8AB99002CB1BB /* ContextModel.swift in Sources */,
				9C3643162BAA2D2C0011FF6E /* Cena_transition3.swift in Sources */,
				311A0F812BB1F9C200193C3D /* Score.swift in Sources */,
				31093E492BAB4E5B00E3B7AF /* CreditsView.swift in Sources */,
				40A3C5822B98D4FE0073F754 /* MiniChallenge04App.swift in Sources */,
				9C36430E2BA8D95B0011FF6E /* Map.swift in Sources */,
				40B793E52BAC95EE000C27DC /* VideoCutsceneView.swift in Sources */,
				311A0F882BB32CC500193C3D /* SidebarNode.swift in Sources */,
				40D15D872BA8AD7000A7EB1B /* FirstScreen.swift in Sources */,
				43FEAB312BB4907F002A35F8 /* ScreenReportModel.swift in Sources */,
			);
			runOnlyForDeploymentPostprocessing = 0;
		};
/* End PBXSourcesBuildPhase section */

/* Begin XCBuildConfiguration section */
		40A3C58A2B98D5000073F754 /* Debug */ = {
			isa = XCBuildConfiguration;
			buildSettings = {
				ALWAYS_SEARCH_USER_PATHS = NO;
				ASSETCATALOG_COMPILER_GENERATE_SWIFT_ASSET_SYMBOL_EXTENSIONS = YES;
				CLANG_ANALYZER_NONNULL = YES;
				CLANG_ANALYZER_NUMBER_OBJECT_CONVERSION = YES_AGGRESSIVE;
				CLANG_CXX_LANGUAGE_STANDARD = "gnu++20";
				CLANG_ENABLE_MODULES = YES;
				CLANG_ENABLE_OBJC_ARC = YES;
				CLANG_ENABLE_OBJC_WEAK = YES;
				CLANG_WARN_BLOCK_CAPTURE_AUTORELEASING = YES;
				CLANG_WARN_BOOL_CONVERSION = YES;
				CLANG_WARN_COMMA = YES;
				CLANG_WARN_CONSTANT_CONVERSION = YES;
				CLANG_WARN_DEPRECATED_OBJC_IMPLEMENTATIONS = YES;
				CLANG_WARN_DIRECT_OBJC_ISA_USAGE = YES_ERROR;
				CLANG_WARN_DOCUMENTATION_COMMENTS = YES;
				CLANG_WARN_EMPTY_BODY = YES;
				CLANG_WARN_ENUM_CONVERSION = YES;
				CLANG_WARN_INFINITE_RECURSION = YES;
				CLANG_WARN_INT_CONVERSION = YES;
				CLANG_WARN_NON_LITERAL_NULL_CONVERSION = YES;
				CLANG_WARN_OBJC_IMPLICIT_RETAIN_SELF = YES;
				CLANG_WARN_OBJC_LITERAL_CONVERSION = YES;
				CLANG_WARN_OBJC_ROOT_CLASS = YES_ERROR;
				CLANG_WARN_QUOTED_INCLUDE_IN_FRAMEWORK_HEADER = YES;
				CLANG_WARN_RANGE_LOOP_ANALYSIS = YES;
				CLANG_WARN_STRICT_PROTOTYPES = YES;
				CLANG_WARN_SUSPICIOUS_MOVE = YES;
				CLANG_WARN_UNGUARDED_AVAILABILITY = YES_AGGRESSIVE;
				CLANG_WARN_UNREACHABLE_CODE = YES;
				CLANG_WARN__DUPLICATE_METHOD_MATCH = YES;
				COPY_PHASE_STRIP = NO;
				DEBUG_INFORMATION_FORMAT = dwarf;
				ENABLE_STRICT_OBJC_MSGSEND = YES;
				ENABLE_TESTABILITY = YES;
				ENABLE_USER_SCRIPT_SANDBOXING = YES;
				GCC_C_LANGUAGE_STANDARD = gnu17;
				GCC_DYNAMIC_NO_PIC = NO;
				GCC_NO_COMMON_BLOCKS = YES;
				GCC_OPTIMIZATION_LEVEL = 0;
				GCC_PREPROCESSOR_DEFINITIONS = (
					"DEBUG=1",
					"$(inherited)",
				);
				GCC_WARN_64_TO_32_BIT_CONVERSION = YES;
				GCC_WARN_ABOUT_RETURN_TYPE = YES_ERROR;
				GCC_WARN_UNDECLARED_SELECTOR = YES;
				GCC_WARN_UNINITIALIZED_AUTOS = YES_AGGRESSIVE;
				GCC_WARN_UNUSED_FUNCTION = YES;
				GCC_WARN_UNUSED_VARIABLE = YES;
				IPHONEOS_DEPLOYMENT_TARGET = 17.2;
				LOCALIZATION_PREFERS_STRING_CATALOGS = YES;
				MTL_ENABLE_DEBUG_INFO = INCLUDE_SOURCE;
				MTL_FAST_MATH = YES;
				ONLY_ACTIVE_ARCH = YES;
				SDKROOT = iphoneos;
				SWIFT_ACTIVE_COMPILATION_CONDITIONS = "DEBUG $(inherited)";
				SWIFT_OPTIMIZATION_LEVEL = "-Onone";
			};
			name = Debug;
		};
		40A3C58B2B98D5000073F754 /* Release */ = {
			isa = XCBuildConfiguration;
			buildSettings = {
				ALWAYS_SEARCH_USER_PATHS = NO;
				ASSETCATALOG_COMPILER_GENERATE_SWIFT_ASSET_SYMBOL_EXTENSIONS = YES;
				CLANG_ANALYZER_NONNULL = YES;
				CLANG_ANALYZER_NUMBER_OBJECT_CONVERSION = YES_AGGRESSIVE;
				CLANG_CXX_LANGUAGE_STANDARD = "gnu++20";
				CLANG_ENABLE_MODULES = YES;
				CLANG_ENABLE_OBJC_ARC = YES;
				CLANG_ENABLE_OBJC_WEAK = YES;
				CLANG_WARN_BLOCK_CAPTURE_AUTORELEASING = YES;
				CLANG_WARN_BOOL_CONVERSION = YES;
				CLANG_WARN_COMMA = YES;
				CLANG_WARN_CONSTANT_CONVERSION = YES;
				CLANG_WARN_DEPRECATED_OBJC_IMPLEMENTATIONS = YES;
				CLANG_WARN_DIRECT_OBJC_ISA_USAGE = YES_ERROR;
				CLANG_WARN_DOCUMENTATION_COMMENTS = YES;
				CLANG_WARN_EMPTY_BODY = YES;
				CLANG_WARN_ENUM_CONVERSION = YES;
				CLANG_WARN_INFINITE_RECURSION = YES;
				CLANG_WARN_INT_CONVERSION = YES;
				CLANG_WARN_NON_LITERAL_NULL_CONVERSION = YES;
				CLANG_WARN_OBJC_IMPLICIT_RETAIN_SELF = YES;
				CLANG_WARN_OBJC_LITERAL_CONVERSION = YES;
				CLANG_WARN_OBJC_ROOT_CLASS = YES_ERROR;
				CLANG_WARN_QUOTED_INCLUDE_IN_FRAMEWORK_HEADER = YES;
				CLANG_WARN_RANGE_LOOP_ANALYSIS = YES;
				CLANG_WARN_STRICT_PROTOTYPES = YES;
				CLANG_WARN_SUSPICIOUS_MOVE = YES;
				CLANG_WARN_UNGUARDED_AVAILABILITY = YES_AGGRESSIVE;
				CLANG_WARN_UNREACHABLE_CODE = YES;
				CLANG_WARN__DUPLICATE_METHOD_MATCH = YES;
				COPY_PHASE_STRIP = NO;
				DEBUG_INFORMATION_FORMAT = "dwarf-with-dsym";
				ENABLE_NS_ASSERTIONS = NO;
				ENABLE_STRICT_OBJC_MSGSEND = YES;
				ENABLE_USER_SCRIPT_SANDBOXING = YES;
				GCC_C_LANGUAGE_STANDARD = gnu17;
				GCC_NO_COMMON_BLOCKS = YES;
				GCC_WARN_64_TO_32_BIT_CONVERSION = YES;
				GCC_WARN_ABOUT_RETURN_TYPE = YES_ERROR;
				GCC_WARN_UNDECLARED_SELECTOR = YES;
				GCC_WARN_UNINITIALIZED_AUTOS = YES_AGGRESSIVE;
				GCC_WARN_UNUSED_FUNCTION = YES;
				GCC_WARN_UNUSED_VARIABLE = YES;
				IPHONEOS_DEPLOYMENT_TARGET = 17.2;
				LOCALIZATION_PREFERS_STRING_CATALOGS = YES;
				MTL_ENABLE_DEBUG_INFO = NO;
				MTL_FAST_MATH = YES;
				SDKROOT = iphoneos;
				SWIFT_COMPILATION_MODE = wholemodule;
				VALIDATE_PRODUCT = YES;
			};
			name = Release;
		};
		40A3C58D2B98D5000073F754 /* Debug */ = {
			isa = XCBuildConfiguration;
			buildSettings = {
				ASSETCATALOG_COMPILER_APPICON_NAME = AppIcon;
				ASSETCATALOG_COMPILER_GLOBAL_ACCENT_COLOR_NAME = AccentColor;
				CODE_SIGN_STYLE = Automatic;
				CURRENT_PROJECT_VERSION = 1;
				DEVELOPMENT_ASSET_PATHS = "\"MiniChallenge04/Preview Content\"";
				DEVELOPMENT_TEAM = LF887LSVNZ;
				ENABLE_PREVIEWS = YES;
				GENERATE_INFOPLIST_FILE = YES;
				INFOPLIST_KEY_UIApplicationSceneManifest_Generation = YES;
				INFOPLIST_KEY_UIApplicationSupportsIndirectInputEvents = YES;
				INFOPLIST_KEY_UILaunchScreen_Generation = YES;
				INFOPLIST_KEY_UIRequiresFullScreen = YES;
				INFOPLIST_KEY_UIStatusBarHidden = YES;
				INFOPLIST_KEY_UISupportedInterfaceOrientations = "UIInterfaceOrientationLandscapeLeft UIInterfaceOrientationLandscapeRight";
				LD_RUNPATH_SEARCH_PATHS = (
					"$(inherited)",
					"@executable_path/Frameworks",
				);
				MARKETING_VERSION = 1.0;
				PRODUCT_BUNDLE_IDENTIFIER = com.GuilhermeNunesLobo.MiniChallenge04;
				PRODUCT_NAME = "$(TARGET_NAME)";
				SUPPORTED_PLATFORMS = "iphoneos iphonesimulator";
				SUPPORTS_MACCATALYST = NO;
				SUPPORTS_MAC_DESIGNED_FOR_IPHONE_IPAD = NO;
				SUPPORTS_XR_DESIGNED_FOR_IPHONE_IPAD = NO;
				SWIFT_EMIT_LOC_STRINGS = YES;
				SWIFT_VERSION = 5.0;
				TARGETED_DEVICE_FAMILY = 2;
			};
			name = Debug;
		};
		40A3C58E2B98D5000073F754 /* Release */ = {
			isa = XCBuildConfiguration;
			buildSettings = {
				ASSETCATALOG_COMPILER_APPICON_NAME = AppIcon;
				ASSETCATALOG_COMPILER_GLOBAL_ACCENT_COLOR_NAME = AccentColor;
				CODE_SIGN_STYLE = Automatic;
				CURRENT_PROJECT_VERSION = 1;
				DEVELOPMENT_ASSET_PATHS = "\"MiniChallenge04/Preview Content\"";
				DEVELOPMENT_TEAM = LF887LSVNZ;
				ENABLE_PREVIEWS = YES;
				GENERATE_INFOPLIST_FILE = YES;
				INFOPLIST_KEY_UIApplicationSceneManifest_Generation = YES;
				INFOPLIST_KEY_UIApplicationSupportsIndirectInputEvents = YES;
				INFOPLIST_KEY_UILaunchScreen_Generation = YES;
				INFOPLIST_KEY_UIRequiresFullScreen = YES;
				INFOPLIST_KEY_UIStatusBarHidden = YES;
				INFOPLIST_KEY_UISupportedInterfaceOrientations = "UIInterfaceOrientationLandscapeLeft UIInterfaceOrientationLandscapeRight";
				LD_RUNPATH_SEARCH_PATHS = (
					"$(inherited)",
					"@executable_path/Frameworks",
				);
				MARKETING_VERSION = 1.0;
				PRODUCT_BUNDLE_IDENTIFIER = com.GuilhermeNunesLobo.MiniChallenge04;
				PRODUCT_NAME = "$(TARGET_NAME)";
				SUPPORTED_PLATFORMS = "iphoneos iphonesimulator";
				SUPPORTS_MACCATALYST = NO;
				SUPPORTS_MAC_DESIGNED_FOR_IPHONE_IPAD = NO;
				SUPPORTS_XR_DESIGNED_FOR_IPHONE_IPAD = NO;
				SWIFT_EMIT_LOC_STRINGS = YES;
				SWIFT_VERSION = 5.0;
				TARGETED_DEVICE_FAMILY = 2;
			};
			name = Release;
		};
/* End XCBuildConfiguration section */

/* Begin XCConfigurationList section */
		40A3C5792B98D4FE0073F754 /* Build configuration list for PBXProject "MiniChallenge04" */ = {
			isa = XCConfigurationList;
			buildConfigurations = (
				40A3C58A2B98D5000073F754 /* Debug */,
				40A3C58B2B98D5000073F754 /* Release */,
			);
			defaultConfigurationIsVisible = 0;
			defaultConfigurationName = Release;
		};
		40A3C58C2B98D5000073F754 /* Build configuration list for PBXNativeTarget "MiniChallenge04" */ = {
			isa = XCConfigurationList;
			buildConfigurations = (
				40A3C58D2B98D5000073F754 /* Debug */,
				40A3C58E2B98D5000073F754 /* Release */,
			);
			defaultConfigurationIsVisible = 0;
			defaultConfigurationName = Release;
		};
/* End XCConfigurationList section */
	};
	rootObject = 40A3C5762B98D4FE0073F754 /* Project object */;
}
